---
label: Code Block
hide_body: true
display_field: code
fields:
- name: title
  type: text
  config:
    required: false
  label: Title
- name: language
  type: select
  default: javascript
  config:
    required: true
    options:
    - html
    - javascript
    - css
    - bash
    - typescript
    - scss
    - less
    source:
      type: simple
      section: 
      file: 
      path: 
  label: Language
- name: code
  type: textarea
  default: ''
  config:
    required: false
    wysiwyg: false
    schema:
      format: markdown
  label: Code
